
Microsoft Visual Studio Solution File, Format Version 12.00
# Visual Studio Version 16
VisualStudioVersion = 16.0.29920.165
MinimumVisualStudioVersion = 10.0.40219.1
Project("{8BC9CEB8-8B4A-11D0-8D11-00A0C91BC942}") = "GaussianElimination", "GaussianElimination\GaussianElimination.vcxproj", "{075CD78D-7319-44FC-9442-4AF25D9CBAF3}"
EndProject
Global
	GlobalSection(SolutionConfigurationPlatforms) = preSolution
		Debug|x64 = Debug|x64
		Debug|x86 = Debug|x86
		Release|x64 = Release|x64
		Release|x86 = Release|x86
	EndGlobalSection
	GlobalSection(ProjectConfigurationPlatforms) = postSolution
		{075CD78D-7319-44FC-9442-4AF25D9CBAF3}.Debug|x64.ActiveCfg = Debug|x64
		{075CD78D-7319-44FC-9442-4AF25D9CBAF3}.Debug|x64.Build.0 = Debug|x64
		{075CD78D-7319-44FC-9442-4AF25D9CBAF3}.Debug|x86.ActiveCfg = Debug|Win32
		{075CD78D-7319-44FC-9442-4AF25D9CBAF3}.Debug|x86.Build.0 = Debug|Win32
		{075CD78D-7319-44FC-9442-4AF25D9CBAF3}.Release|x64.ActiveCfg = Release|x64
		{075CD78D-7319-44FC-9442-4AF25D9CBAF3}.Release|x64.Build.0 = Release|x64
		{075CD78D-7319-44FC-9442-4AF25D9CBAF3}.Release|x86.ActiveCfg = Release|Win32
		{075CD78D-7319-44FC-9442-4AF25D9CBAF3}.Release|x86.Build.0 = Release|Win32
	EndGlobalSection
	GlobalSection(SolutionProperties) = preSolution
		HideSolutionNode = FALSE
	EndGlobalSection
	GlobalSection(ExtensibilityGlobals) = postSolution
		SolutionGuid = {EF7E06E9-25ED-4826-9D46-216E77E0C172}
	EndGlobalSection
EndGlobal
